Microsoft Visual Studio Solution File, Format Version 12.00
# Visual Studio 2012
Project("{FAE04EC0-301F-11D3-BF4B-00C04F79EFBC}") = "Your First 2D Game", "Your First 2D Game.csproj", "{8DA5421A-A899-4B26-8DC6-1648FD552039}"
EndProject
Global
	GlobalSection(SolutionConfigurationPlatforms) = preSolution
	Debug|Any CPU = Debug|Any CPU
	ExportDebug|Any CPU = ExportDebug|Any CPU
	ExportRelease|Any CPU = ExportRelease|Any CPU
	EndGlobalSection
	GlobalSection(ProjectConfigurationPlatforms) = postSolution
		{8DA5421A-A899-4B26-8DC6-1648FD552039}.Debug|Any CPU.ActiveCfg = Debug|Any CPU
		{8DA5421A-A899-4B26-8DC6-1648FD552039}.Debug|Any CPU.Build.0 = Debug|Any CPU
		{8DA5421A-A899-4B26-8DC6-1648FD552039}.ExportDebug|Any CPU.ActiveCfg = ExportDebug|Any CPU
		{8DA5421A-A899-4B26-8DC6-1648FD552039}.ExportDebug|Any CPU.Build.0 = ExportDebug|Any CPU
		{8DA5421A-A899-4B26-8DC6-1648FD552039}.ExportRelease|Any CPU.ActiveCfg = ExportRelease|Any CPU
		{8DA5421A-A899-4B26-8DC6-1648FD552039}.ExportRelease|Any CPU.Build.0 = ExportRelease|Any CPU
	EndGlobalSection
EndGlobal
